
Microsoft Visual Studio Solution File, Format Version 12.00
# Visual Studio Version 17
VisualStudioVersion = 17.14.36511.14
MinimumVisualStudioVersion = 10.0.40219.1
Project("{FAE04EC0-301F-11D3-BF4B-00C04F79EFBC}") = "SchoolApi", "EscuelaApi\SchoolApi.csproj", "{DAED14CC-7519-4D0F-9DB3-9B15B503D755}"
EndProject
Global
	GlobalSection(SolutionConfigurationPlatforms) = preSolution
		Debug|Any CPU = Debug|Any CPU
		Release|Any CPU = Release|Any CPU
	EndGlobalSection
	GlobalSection(ProjectConfigurationPlatforms) = postSolution
		{DAED14CC-7519-4D0F-9DB3-9B15B503D755}.Debug|Any CPU.ActiveCfg = Debug|Any CPU
		{DAED14CC-7519-4D0F-9DB3-9B15B503D755}.Debug|Any CPU.Build.0 = Debug|Any CPU
		{DAED14CC-7519-4D0F-9DB3-9B15B503D755}.Release|Any CPU.ActiveCfg = Release|Any CPU
		{DAED14CC-7519-4D0F-9DB3-9B15B503D755}.Release|Any CPU.Build.0 = Release|Any CPU
	EndGlobalSection
	GlobalSection(SolutionProperties) = preSolution
		HideSolutionNode = FALSE
	EndGlobalSection
	GlobalSection(ExtensibilityGlobals) = postSolution
		SolutionGuid = {ABB11B64-7F04-48F2-AA90-E69F2DB655EC}
	EndGlobalSection
EndGlobal
